{
  "name": "sources",
  "version": "1.0.0",
  "lockfileVersion": 3,
  "requires": true,
  "packages": {
    "": {
      "name": "sources",
      "version": "1.0.0",
      "license": "ISC",
      "dependencies": {
        "mongoose-paginate-v2": "^1.7.31"
      }
    },
    "node_modules/mongoose-paginate-v2": {
      "version": "1.7.31",
      "resolved": "https://registry.npmjs.org/mongoose-paginate-v2/-/mongoose-paginate-v2-1.7.31.tgz",
      "integrity": "sha512-Zz7i/1k7/MJqipzttn9SUenbcW1hC63qBOB7HHBNMfIfg0AOPFT2CdAWpeAJ7BBGEQ4qC1Gu02fIaSeMmXOT0A==",
      "engines": {
        "node": ">=4.0.0"
      }
    }
  }
}
